
Microsoft Visual Studio Solution File, Format Version 12.00
# Visual Studio Version 17
VisualStudioVersion = 17.9.34701.34
MinimumVisualStudioVersion = 10.0.40219.1
Project("{9A19103F-16F7-4668-BE54-9A1E7A4F7556}") = "MarvelTerrariaUniverse", "MarvelTerrariaUniverse.csproj", "{A65A0C7D-398D-4CE9-BE43-33251C1142F1}"
EndProject
Global
	GlobalSection(SolutionConfigurationPlatforms) = preSolution
		Debug|Any CPU = Debug|Any CPU
		Release|Any CPU = Release|Any CPU
	EndGlobalSection
	GlobalSection(ProjectConfigurationPlatforms) = postSolution
		{A65A0C7D-398D-4CE9-BE43-33251C1142F1}.Debug|Any CPU.ActiveCfg = Debug|Any CPU
		{A65A0C7D-398D-4CE9-BE43-33251C1142F1}.Debug|Any CPU.Build.0 = Debug|Any CPU
		{A65A0C7D-398D-4CE9-BE43-33251C1142F1}.Release|Any CPU.ActiveCfg = Release|Any CPU
		{A65A0C7D-398D-4CE9-BE43-33251C1142F1}.Release|Any CPU.Build.0 = Release|Any CPU
	EndGlobalSection
	GlobalSection(SolutionProperties) = preSolution
		HideSolutionNode = FALSE
	EndGlobalSection
	GlobalSection(ExtensibilityGlobals) = postSolution
		SolutionGuid = {2E29045F-505F-449B-A2D5-A5FDFDDC7126}
	EndGlobalSection
EndGlobal
